
Microsoft Visual Studio Solution File, Format Version 12.00
# Visual Studio 14
VisualStudioVersion = 14.0.23107.0
MinimumVisualStudioVersion = 10.0.40219.1
Project("{FAE04EC0-301F-11D3-BF4B-00C04F79EFBC}") = "DiscountKata", "DiscountKata\DiscountKata.csproj", "{1A31D474-2A70-455E-94CD-3A8E3274FD21}"
EndProject
Project("{FAE04EC0-301F-11D3-BF4B-00C04F79EFBC}") = "DiscountKata.Tests", "DiscountKata.Tests\DiscountKata.Tests.csproj", "{401F5D55-1C9C-4463-94C8-FF502AF045C9}"
EndProject
Global
	GlobalSection(SolutionConfigurationPlatforms) = preSolution
		Debug|Any CPU = Debug|Any CPU
		Release|Any CPU = Release|Any CPU
	EndGlobalSection
	GlobalSection(ProjectConfigurationPlatforms) = postSolution
		{1A31D474-2A70-455E-94CD-3A8E3274FD21}.Debug|Any CPU.ActiveCfg = Debug|Any CPU
		{1A31D474-2A70-455E-94CD-3A8E3274FD21}.Debug|Any CPU.Build.0 = Debug|Any CPU
		{1A31D474-2A70-455E-94CD-3A8E3274FD21}.Release|Any CPU.ActiveCfg = Release|Any CPU
		{1A31D474-2A70-455E-94CD-3A8E3274FD21}.Release|Any CPU.Build.0 = Release|Any CPU
		{401F5D55-1C9C-4463-94C8-FF502AF045C9}.Debug|Any CPU.ActiveCfg = Debug|Any CPU
		{401F5D55-1C9C-4463-94C8-FF502AF045C9}.Debug|Any CPU.Build.0 = Debug|Any CPU
		{401F5D55-1C9C-4463-94C8-FF502AF045C9}.Release|Any CPU.ActiveCfg = Release|Any CPU
		{401F5D55-1C9C-4463-94C8-FF502AF045C9}.Release|Any CPU.Build.0 = Release|Any CPU
	EndGlobalSection
	GlobalSection(SolutionProperties) = preSolution
		HideSolutionNode = FALSE
	EndGlobalSection
EndGlobal
